
Microsoft Visual Studio Solution File, Format Version 12.00
# Visual Studio Version 17
VisualStudioVersion = 17.1.32210.238
MinimumVisualStudioVersion = 10.0.40219.1
Project("{FAE04EC0-301F-11D3-BF4B-00C04F79EFBC}") = "01-ByteBank", "01-ByteBank\01-ByteBank.csproj", "{D9138D43-65A1-429D-B1F2-A6496B1BF011}"
EndProject
Project("{FAE04EC0-301F-11D3-BF4B-00C04F79EFBC}") = "02-ByteBank", "02-ByteBank\02-ByteBank.csproj", "{CCDEF50C-CDB4-4D55-90B1-C78E6E89D643}"
EndProject
Project("{FAE04EC0-301F-11D3-BF4B-00C04F79EFBC}") = "03-ByteBank", "03-ByteBank\03-ByteBank.csproj", "{3F92170E-050E-4AB3-9248-8757E0665E8A}"
EndProject
Global
	GlobalSection(SolutionConfigurationPlatforms) = preSolution
		Debug|Any CPU = Debug|Any CPU
		Release|Any CPU = Release|Any CPU
	EndGlobalSection
	GlobalSection(ProjectConfigurationPlatforms) = postSolution
		{D9138D43-65A1-429D-B1F2-A6496B1BF011}.Debug|Any CPU.ActiveCfg = Debug|Any CPU
		{D9138D43-65A1-429D-B1F2-A6496B1BF011}.Debug|Any CPU.Build.0 = Debug|Any CPU
		{D9138D43-65A1-429D-B1F2-A6496B1BF011}.Release|Any CPU.ActiveCfg = Release|Any CPU
		{D9138D43-65A1-429D-B1F2-A6496B1BF011}.Release|Any CPU.Build.0 = Release|Any CPU
		{CCDEF50C-CDB4-4D55-90B1-C78E6E89D643}.Debug|Any CPU.ActiveCfg = Debug|Any CPU
		{CCDEF50C-CDB4-4D55-90B1-C78E6E89D643}.Debug|Any CPU.Build.0 = Debug|Any CPU
		{CCDEF50C-CDB4-4D55-90B1-C78E6E89D643}.Release|Any CPU.ActiveCfg = Release|Any CPU
		{CCDEF50C-CDB4-4D55-90B1-C78E6E89D643}.Release|Any CPU.Build.0 = Release|Any CPU
		{3F92170E-050E-4AB3-9248-8757E0665E8A}.Debug|Any CPU.ActiveCfg = Debug|Any CPU
		{3F92170E-050E-4AB3-9248-8757E0665E8A}.Debug|Any CPU.Build.0 = Debug|Any CPU
		{3F92170E-050E-4AB3-9248-8757E0665E8A}.Release|Any CPU.ActiveCfg = Release|Any CPU
		{3F92170E-050E-4AB3-9248-8757E0665E8A}.Release|Any CPU.Build.0 = Release|Any CPU
	EndGlobalSection
	GlobalSection(SolutionProperties) = preSolution
		HideSolutionNode = FALSE
	EndGlobalSection
	GlobalSection(ExtensibilityGlobals) = postSolution
		SolutionGuid = {9DF294B7-C0B0-44DF-9BC7-1821A5CE6319}
	EndGlobalSection
EndGlobal
