
Microsoft Visual Studio Solution File, Format Version 12.00
# Visual Studio Version 17
VisualStudioVersion = 17.1.32210.238
MinimumVisualStudioVersion = 10.0.40219.1
Project("{9A19103F-16F7-4668-BE54-9A1E7A4F7556}") = "1-PrimeiroProjeto", "1-PrimeiroProjeto\1-PrimeiroProjeto.csproj", "{DD1F2756-51C1-4108-B13E-9B001E23C327}"
EndProject
Project("{9A19103F-16F7-4668-BE54-9A1E7A4F7556}") = "2-CriandoVariaveis", "2-CriandoVariaveis\2-CriandoVariaveis.csproj", "{2E634CCB-2400-4DE5-B2AD-9CFF2450CE0C}"
EndProject
Project("{FAE04EC0-301F-11D3-BF4B-00C04F79EFBC}") = "3-CriandoVariaveisPontoFlutuante", "3-CriandoVariaveisPontoFlutuante\3-CriandoVariaveisPontoFlutuante.csproj", "{C67EFC1D-21D7-41C5-9B67-B331FA84D11A}"
EndProject
Global
	GlobalSection(SolutionConfigurationPlatforms) = preSolution
		Debug|Any CPU = Debug|Any CPU
		Release|Any CPU = Release|Any CPU
	EndGlobalSection
	GlobalSection(ProjectConfigurationPlatforms) = postSolution
		{DD1F2756-51C1-4108-B13E-9B001E23C327}.Debug|Any CPU.ActiveCfg = Debug|Any CPU
		{DD1F2756-51C1-4108-B13E-9B001E23C327}.Debug|Any CPU.Build.0 = Debug|Any CPU
		{DD1F2756-51C1-4108-B13E-9B001E23C327}.Release|Any CPU.ActiveCfg = Release|Any CPU
		{DD1F2756-51C1-4108-B13E-9B001E23C327}.Release|Any CPU.Build.0 = Release|Any CPU
		{2E634CCB-2400-4DE5-B2AD-9CFF2450CE0C}.Debug|Any CPU.ActiveCfg = Debug|Any CPU
		{2E634CCB-2400-4DE5-B2AD-9CFF2450CE0C}.Debug|Any CPU.Build.0 = Debug|Any CPU
		{2E634CCB-2400-4DE5-B2AD-9CFF2450CE0C}.Release|Any CPU.ActiveCfg = Release|Any CPU
		{2E634CCB-2400-4DE5-B2AD-9CFF2450CE0C}.Release|Any CPU.Build.0 = Release|Any CPU
		{C67EFC1D-21D7-41C5-9B67-B331FA84D11A}.Debug|Any CPU.ActiveCfg = Debug|Any CPU
		{C67EFC1D-21D7-41C5-9B67-B331FA84D11A}.Debug|Any CPU.Build.0 = Debug|Any CPU
		{C67EFC1D-21D7-41C5-9B67-B331FA84D11A}.Release|Any CPU.ActiveCfg = Release|Any CPU
		{C67EFC1D-21D7-41C5-9B67-B331FA84D11A}.Release|Any CPU.Build.0 = Release|Any CPU
	EndGlobalSection
	GlobalSection(SolutionProperties) = preSolution
		HideSolutionNode = FALSE
	EndGlobalSection
	GlobalSection(ExtensibilityGlobals) = postSolution
		SolutionGuid = {E0D9435B-8F3D-41FE-BA77-5957D58EEF11}
	EndGlobalSection
EndGlobal
